
Microsoft Visual Studio Solution File, Format Version 12.00
# Visual Studio 15
VisualStudioVersion = 15.0.28010.2048
MinimumVisualStudioVersion = 10.0.40219.1
Project("{FAE04EC0-301F-11D3-BF4B-00C04F79EFBC}") = "Inventory", "Inventory\Inventory.csproj", "{AEC68466-783B-4241-BB41-4993544C5B98}"
EndProject
Global
	GlobalSection(SolutionConfigurationPlatforms) = preSolution
		Debug|Any CPU = Debug|Any CPU
		Release|Any CPU = Release|Any CPU
	EndGlobalSection
	GlobalSection(ProjectConfigurationPlatforms) = postSolution
		{AEC68466-783B-4241-BB41-4993544C5B98}.Debug|Any CPU.ActiveCfg = Debug|Any CPU
		{AEC68466-783B-4241-BB41-4993544C5B98}.Debug|Any CPU.Build.0 = Debug|Any CPU
		{AEC68466-783B-4241-BB41-4993544C5B98}.Release|Any CPU.ActiveCfg = Release|Any CPU
		{AEC68466-783B-4241-BB41-4993544C5B98}.Release|Any CPU.Build.0 = Release|Any CPU
	EndGlobalSection
	GlobalSection(SolutionProperties) = preSolution
		HideSolutionNode = FALSE
	EndGlobalSection
	GlobalSection(ExtensibilityGlobals) = postSolution
		SolutionGuid = {5558136B-AC88-464D-8BA7-D57E2D2776BC}
	EndGlobalSection
EndGlobal
